
Microsoft Visual Studio Solution File, Format Version 12.00
Project("{FAE04EC0-301F-11D3-BF4B-00C04F79EFBC}") = "NorthwindClient", "NorthwindClient\NorthwindClient.csproj", "{BD2C3309-4259-40F1-A62C-9F46E35FDAA5}"
EndProject
Global
	GlobalSection(SolutionConfigurationPlatforms) = preSolution
		Debug|Any CPU = Debug|Any CPU
		Release|Any CPU = Release|Any CPU
	EndGlobalSection
	GlobalSection(ProjectConfigurationPlatforms) = postSolution
		{BD2C3309-4259-40F1-A62C-9F46E35FDAA5}.Debug|Any CPU.ActiveCfg = Debug|Any CPU
		{BD2C3309-4259-40F1-A62C-9F46E35FDAA5}.Debug|Any CPU.Build.0 = Debug|Any CPU
		{BD2C3309-4259-40F1-A62C-9F46E35FDAA5}.Release|Any CPU.ActiveCfg = Release|Any CPU
		{BD2C3309-4259-40F1-A62C-9F46E35FDAA5}.Release|Any CPU.Build.0 = Release|Any CPU
	EndGlobalSection
EndGlobal
